
Microsoft Visual Studio Solution File, Format Version 12.00
# Visual Studio 15
VisualStudioVersion = 15.0.27703.2042
MinimumVisualStudioVersion = 10.0.40219.1
Project("{FAE04EC0-301F-11D3-BF4B-00C04F79EFBC}") = "WppAutoMat", "WppAutoMat\WppAutoMat.csproj", "{374E9E4D-C9BA-4E08-B453-CBFD9C6B01DA}"
EndProject
Global
	GlobalSection(SolutionConfigurationPlatforms) = preSolution
		Debug|Any CPU = Debug|Any CPU
		Release|Any CPU = Release|Any CPU
	EndGlobalSection
	GlobalSection(ProjectConfigurationPlatforms) = postSolution
		{374E9E4D-C9BA-4E08-B453-CBFD9C6B01DA}.Debug|Any CPU.ActiveCfg = Debug|Any CPU
		{374E9E4D-C9BA-4E08-B453-CBFD9C6B01DA}.Debug|Any CPU.Build.0 = Debug|Any CPU
		{374E9E4D-C9BA-4E08-B453-CBFD9C6B01DA}.Release|Any CPU.ActiveCfg = Release|Any CPU
		{374E9E4D-C9BA-4E08-B453-CBFD9C6B01DA}.Release|Any CPU.Build.0 = Release|Any CPU
	EndGlobalSection
	GlobalSection(SolutionProperties) = preSolution
		HideSolutionNode = FALSE
	EndGlobalSection
	GlobalSection(ExtensibilityGlobals) = postSolution
		SolutionGuid = {ACE4C05E-59FE-49F4-89D0-76E9A65CBEA8}
	EndGlobalSection
EndGlobal
